
Microsoft Visual Studio Solution File, Format Version 12.00
# Visual Studio 15
VisualStudioVersion = 15.0.28010.2026
MinimumVisualStudioVersion = 10.0.40219.1
Project("{FAE04EC0-301F-11D3-BF4B-00C04F79EFBC}") = "Диплом", "Технологии_в_САПР_лаб1\Диплом.csproj", "{58727ACF-3544-4ED9-BC7F-C4A56C9CDAD6}"
EndProject
Global
	GlobalSection(SolutionConfigurationPlatforms) = preSolution
		Debug|Any CPU = Debug|Any CPU
		Release|Any CPU = Release|Any CPU
	EndGlobalSection
	GlobalSection(ProjectConfigurationPlatforms) = postSolution
		{58727ACF-3544-4ED9-BC7F-C4A56C9CDAD6}.Debug|Any CPU.ActiveCfg = Debug|Any CPU
		{58727ACF-3544-4ED9-BC7F-C4A56C9CDAD6}.Debug|Any CPU.Build.0 = Debug|Any CPU
		{58727ACF-3544-4ED9-BC7F-C4A56C9CDAD6}.Release|Any CPU.ActiveCfg = Release|Any CPU
		{58727ACF-3544-4ED9-BC7F-C4A56C9CDAD6}.Release|Any CPU.Build.0 = Release|Any CPU
	EndGlobalSection
	GlobalSection(SolutionProperties) = preSolution
		HideSolutionNode = FALSE
	EndGlobalSection
	GlobalSection(ExtensibilityGlobals) = postSolution
		SolutionGuid = {2250FFB3-DF17-4E7F-B9CC-71F3190E1456}
	EndGlobalSection
EndGlobal
